
Microsoft Visual Studio Solution File, Format Version 12.00
# Visual Studio Version 16
VisualStudioVersion = 16.0.810.2
MinimumVisualStudioVersion = 10.0.40219.1
Project("{FAE04EC0-301F-11D3-BF4B-00C04F79EFBC}") = "A8DOM.Android", "A8DOM.Android\A8DOM.Android.csproj", "{EC457B41-E417-44AA-B7F7-B59D5F74AB24}"
EndProject
Project("{FAE04EC0-301F-11D3-BF4B-00C04F79EFBC}") = "A8DOM.iOS", "A8DOM.iOS\A8DOM.iOS.csproj", "{FD3F93A9-B766-432D-8CB7-2ABB3A1185E3}"
EndProject
Project("{FAE04EC0-301F-11D3-BF4B-00C04F79EFBC}") = "A8DOM", "A8DOM\A8DOM.csproj", "{A6181ED7-50E3-4900-BD9A-889DD7513879}"
EndProject
Global
	GlobalSection(SolutionConfigurationPlatforms) = preSolution
		Debug|Any CPU = Debug|Any CPU
		Release|Any CPU = Release|Any CPU
		Debug|iPhoneSimulator = Debug|iPhoneSimulator
		Release|iPhoneSimulator = Release|iPhoneSimulator
		Debug|iPhone = Debug|iPhone
		Release|iPhone = Release|iPhone
	EndGlobalSection
	GlobalSection(ProjectConfigurationPlatforms) = postSolution
		{EC457B41-E417-44AA-B7F7-B59D5F74AB24}.Debug|Any CPU.ActiveCfg = Debug|Any CPU
		{EC457B41-E417-44AA-B7F7-B59D5F74AB24}.Debug|Any CPU.Build.0 = Debug|Any CPU
		{EC457B41-E417-44AA-B7F7-B59D5F74AB24}.Release|Any CPU.ActiveCfg = Release|Any CPU
		{EC457B41-E417-44AA-B7F7-B59D5F74AB24}.Release|Any CPU.Build.0 = Release|Any CPU
		{EC457B41-E417-44AA-B7F7-B59D5F74AB24}.Debug|iPhoneSimulator.ActiveCfg = Debug|Any CPU
		{EC457B41-E417-44AA-B7F7-B59D5F74AB24}.Debug|iPhoneSimulator.Build.0 = Debug|Any CPU
		{EC457B41-E417-44AA-B7F7-B59D5F74AB24}.Release|iPhoneSimulator.ActiveCfg = Release|Any CPU
		{EC457B41-E417-44AA-B7F7-B59D5F74AB24}.Release|iPhoneSimulator.Build.0 = Release|Any CPU
		{EC457B41-E417-44AA-B7F7-B59D5F74AB24}.Debug|iPhone.ActiveCfg = Debug|Any CPU
		{EC457B41-E417-44AA-B7F7-B59D5F74AB24}.Debug|iPhone.Build.0 = Debug|Any CPU
		{EC457B41-E417-44AA-B7F7-B59D5F74AB24}.Release|iPhone.ActiveCfg = Release|Any CPU
		{EC457B41-E417-44AA-B7F7-B59D5F74AB24}.Release|iPhone.Build.0 = Release|Any CPU
		{FD3F93A9-B766-432D-8CB7-2ABB3A1185E3}.Debug|Any CPU.ActiveCfg = Debug|iPhoneSimulator
		{FD3F93A9-B766-432D-8CB7-2ABB3A1185E3}.Debug|Any CPU.Build.0 = Debug|iPhoneSimulator
		{FD3F93A9-B766-432D-8CB7-2ABB3A1185E3}.Release|Any CPU.ActiveCfg = Release|iPhoneSimulator
		{FD3F93A9-B766-432D-8CB7-2ABB3A1185E3}.Release|Any CPU.Build.0 = Release|iPhoneSimulator
		{FD3F93A9-B766-432D-8CB7-2ABB3A1185E3}.Debug|iPhoneSimulator.ActiveCfg = Debug|iPhoneSimulator
		{FD3F93A9-B766-432D-8CB7-2ABB3A1185E3}.Debug|iPhoneSimulator.Build.0 = Debug|iPhoneSimulator
		{FD3F93A9-B766-432D-8CB7-2ABB3A1185E3}.Release|iPhoneSimulator.ActiveCfg = Release|iPhoneSimulator
		{FD3F93A9-B766-432D-8CB7-2ABB3A1185E3}.Release|iPhoneSimulator.Build.0 = Release|iPhoneSimulator
		{FD3F93A9-B766-432D-8CB7-2ABB3A1185E3}.Debug|iPhone.ActiveCfg = Debug|iPhone
		{FD3F93A9-B766-432D-8CB7-2ABB3A1185E3}.Debug|iPhone.Build.0 = Debug|iPhone
		{FD3F93A9-B766-432D-8CB7-2ABB3A1185E3}.Release|iPhone.ActiveCfg = Release|iPhone
		{FD3F93A9-B766-432D-8CB7-2ABB3A1185E3}.Release|iPhone.Build.0 = Release|iPhone
		{A6181ED7-50E3-4900-BD9A-889DD7513879}.Debug|Any CPU.ActiveCfg = Debug|Any CPU
		{A6181ED7-50E3-4900-BD9A-889DD7513879}.Debug|Any CPU.Build.0 = Debug|Any CPU
		{A6181ED7-50E3-4900-BD9A-889DD7513879}.Release|Any CPU.ActiveCfg = Release|Any CPU
		{A6181ED7-50E3-4900-BD9A-889DD7513879}.Release|Any CPU.Build.0 = Release|Any CPU
		{A6181ED7-50E3-4900-BD9A-889DD7513879}.Debug|iPhoneSimulator.ActiveCfg = Debug|Any CPU
		{A6181ED7-50E3-4900-BD9A-889DD7513879}.Debug|iPhoneSimulator.Build.0 = Debug|Any CPU
		{A6181ED7-50E3-4900-BD9A-889DD7513879}.Release|iPhoneSimulator.ActiveCfg = Release|Any CPU
		{A6181ED7-50E3-4900-BD9A-889DD7513879}.Release|iPhoneSimulator.Build.0 = Release|Any CPU
		{A6181ED7-50E3-4900-BD9A-889DD7513879}.Debug|iPhone.ActiveCfg = Debug|Any CPU
		{A6181ED7-50E3-4900-BD9A-889DD7513879}.Debug|iPhone.Build.0 = Debug|Any CPU
		{A6181ED7-50E3-4900-BD9A-889DD7513879}.Release|iPhone.ActiveCfg = Release|Any CPU
		{A6181ED7-50E3-4900-BD9A-889DD7513879}.Release|iPhone.Build.0 = Release|Any CPU
	EndGlobalSection
	GlobalSection(SolutionProperties) = preSolution
		HideSolutionNode = FALSE
	EndGlobalSection
	GlobalSection(ExtensibilityGlobals) = postSolution
		SolutionGuid = {E1676CEA-B697-4299-BE4D-ED7B14E11E27}
	EndGlobalSection
EndGlobal
